// !$*UTF8*$!
{
	archiveVersion = 1;
	classes = {
	};
	objectVersion = 46;
	objects = {

/* Begin PBXBuildFile section */
		03C300C31B2F29EA00154C49 /* SPLoginTableViewController.m in Sources */ = {isa = PBXBuildFile; fileRef = 03C300C21B2F29EA00154C49 /* SPLoginTableViewController.m */; };
		03C300C51B2F4E1600154C49 /* SPUIHeader.m in Sources */ = {isa = PBXBuildFile; fileRef = 03C300C41B2F4E1600154C49 /* SPUIHeader.m */; };
		03C300C81B2F5A8700154C49 /* SPRegistrationTableViewController.m in Sources */ = {isa = PBXBuildFile; fileRef = 03C300C71B2F5A8700154C49 /* SPRegistrationTableViewController.m */; };
		03C301041B3032A600154C49 /* SPCartTableViewCell.m in Sources */ = {isa = PBXBuildFile; fileRef = 03C301031B3032A600154C49 /* SPCartTableViewCell.m */; };
		9007CE9F1B1F2A4C00F4650F /* main.m in Sources */ = {isa = PBXBuildFile; fileRef = 9007CE9E1B1F2A4C00F4650F /* main.m */; };
		9007CEAB1B1F2A4D00F4650F /* Main.storyboard in Resources */ = {isa = PBXBuildFile; fileRef = 9007CEA91B1F2A4D00F4650F /* Main.storyboard */; };
		9007CEAD1B1F2A4D00F4650F /* Images.xcassets in Resources */ = {isa = PBXBuildFile; fileRef = 9007CEAC1B1F2A4D00F4650F /* Images.xcassets */; };
		9007CEB01B1F2A4D00F4650F /* LaunchScreen.xib in Resources */ = {isa = PBXBuildFile; fileRef = 9007CEAE1B1F2A4D00F4650F /* LaunchScreen.xib */; };
		9007CEBC1B1F2A4D00F4650F /* PizzaSpartaTests.m in Sources */ = {isa = PBXBuildFile; fileRef = 9007CEBB1B1F2A4D00F4650F /* PizzaSpartaTests.m */; };
		906E599B1B20F8DC00186629 /* UI Sample.png in Resources */ = {isa = PBXBuildFile; fileRef = 906E59921B20F8DC00186629 /* UI Sample.png */; };
		906E599C1B20F8DC00186629 /* cartTabBarIcon.png in Resources */ = {isa = PBXBuildFile; fileRef = 906E59931B20F8DC00186629 /* cartTabBarIcon.png */; };
		906E599D1B20F8DC00186629 /* colorPreview.png in Resources */ = {isa = PBXBuildFile; fileRef = 906E59941B20F8DC00186629 /* colorPreview.png */; };
		906E599E1B20F8DC00186629 /* logo.png in Resources */ = {isa = PBXBuildFile; fileRef = 906E59951B20F8DC00186629 /* logo.png */; };
		906E59A01B20F8DC00186629 /* pizzaTabBarIcon.png in Resources */ = {isa = PBXBuildFile; fileRef = 906E59971B20F8DC00186629 /* pizzaTabBarIcon.png */; };
		906E59A11B20F8DC00186629 /* promoTabBarIcon.png in Resources */ = {isa = PBXBuildFile; fileRef = 906E59981B20F8DC00186629 /* promoTabBarIcon.png */; };
		906E59A21B20F8DC00186629 /* settingsTabBarIcon.png in Resources */ = {isa = PBXBuildFile; fileRef = 906E59991B20F8DC00186629 /* settingsTabBarIcon.png */; };
		90A954B61B2024AE006A0D8E /* SPMenuTableViewController.m in Sources */ = {isa = PBXBuildFile; fileRef = 90A954B51B2024AE006A0D8E /* SPMenuTableViewController.m */; };
		90A954CC1B202525006A0D8E /* SPPromoTableViewController.m in Sources */ = {isa = PBXBuildFile; fileRef = 90A954CB1B202525006A0D8E /* SPPromoTableViewController.m */; };
		90A954CF1B202546006A0D8E /* SPCartTableViewController.m in Sources */ = {isa = PBXBuildFile; fileRef = 90A954CE1B202546006A0D8E /* SPCartTableViewController.m */; };
		90A954D21B20255A006A0D8E /* SPMoreTableViewController.m in Sources */ = {isa = PBXBuildFile; fileRef = 90A954D11B20255A006A0D8E /* SPMoreTableViewController.m */; };
		90C16B1E1B2359000045788C /* SPMenuItemsTableViewController.m in Sources */ = {isa = PBXBuildFile; fileRef = 90C16B1D1B2359000045788C /* SPMenuItemsTableViewController.m */; };
		90C16B211B235BA90045788C /* SPItemTableViewCell.m in Sources */ = {isa = PBXBuildFile; fileRef = 90C16B201B235BA90045788C /* SPItemTableViewCell.m */; };
		90C16B241B23621F0045788C /* SPItemDetailsTableViewController.m in Sources */ = {isa = PBXBuildFile; fileRef = 90C16B231B23621F0045788C /* SPItemDetailsTableViewController.m */; };
		90C16B2A1B2393FE0045788C /* UIViewController+SPImageBackButton.m in Sources */ = {isa = PBXBuildFile; fileRef = 90C16B291B2393FE0045788C /* UIViewController+SPImageBackButton.m */; };
		90C16B2D1B23AA640045788C /* SPAboutTableViewController.m in Sources */ = {isa = PBXBuildFile; fileRef = 90C16B2C1B23AA640045788C /* SPAboutTableViewController.m */; };
		90F111B51B21FD7C0044AA63 /* PizzaSparta.xcdatamodeld in Sources */ = {isa = PBXBuildFile; fileRef = 90F111A51B21FD7C0044AA63 /* PizzaSparta.xcdatamodeld */; };
		90F111B61B21FD7C0044AA63 /* Product+Modify.m in Sources */ = {isa = PBXBuildFile; fileRef = 90F111A81B21FD7C0044AA63 /* Product+Modify.m */; };
		90F111B81B21FD7C0044AA63 /* SPAppDelegate.m in Sources */ = {isa = PBXBuildFile; fileRef = 90F111AD1B21FD7C0044AA63 /* SPAppDelegate.m */; };
		90F111B91B21FD7C0044AA63 /* SPManager.m in Sources */ = {isa = PBXBuildFile; fileRef = 90F111AF1B21FD7C0044AA63 /* SPManager.m */; };
		F12FCDE61B287E7500CCE789 /* Account.m in Sources */ = {isa = PBXBuildFile; fileRef = F12FCDE51B287E7500CCE789 /* Account.m */; };
		F130DFA91B304BAA009EEE8B /* Ingredient.m in Sources */ = {isa = PBXBuildFile; fileRef = F130DFA81B304BAA009EEE8B /* Ingredient.m */; };
		F130DFAC1B304BDF009EEE8B /* SPCustomPizza.m in Sources */ = {isa = PBXBuildFile; fileRef = F130DFAB1B304BDF009EEE8B /* SPCustomPizza.m */; };
		F1448E3D1B25EA2B009CCF1E /* Product.m in Sources */ = {isa = PBXBuildFile; fileRef = F1448E3C1B25EA2B009CCF1E /* Product.m */; };
		F1918A721B31C7F5005CCCA7 /* FBSDKCoreKit.framework in Frameworks */ = {isa = PBXBuildFile; fileRef = F1918A6F1B31C7F5005CCCA7 /* FBSDKCoreKit.framework */; };
		F1918A731B31C7F5005CCCA7 /* FBSDKLoginKit.framework in Frameworks */ = {isa = PBXBuildFile; fileRef = F1918A701B31C7F5005CCCA7 /* FBSDKLoginKit.framework */; };
		F1918A741B31C7F5005CCCA7 /* FBSDKShareKit.framework in Frameworks */ = {isa = PBXBuildFile; fileRef = F1918A711B31C7F5005CCCA7 /* FBSDKShareKit.framework */; };
		F27439311B25BFA700356D1F /* NSString+Check.m in Sources */ = {isa = PBXBuildFile; fileRef = F27439301B25BFA700356D1F /* NSString+Check.m */; };
		F2E5A3B61B2B1324002A9891 /* SPDatabaseManager.m in Sources */ = {isa = PBXBuildFile; fileRef = F2E5A3B51B2B1324002A9891 /* SPDatabaseManager.m */; };
		F2E9DD381B2874AF00F2E3BD /* UserAdress.m in Sources */ = {isa = PBXBuildFile; fileRef = F2E9DD371B2874AF00F2E3BD /* UserAdress.m */; };
		F2E9DD3B1B28790B00F2E3BD /* User.m in Sources */ = {isa = PBXBuildFile; fileRef = F2E9DD3A1B28790B00F2E3BD /* User.m */; };
/* End PBXBuildFile section */

/* Begin PBXContainerItemProxy section */
		9007CEB61B1F2A4D00F4650F /* PBXContainerItemProxy */ = {
			isa = PBXContainerItemProxy;
			containerPortal = 9007CE911B1F2A4C00F4650F /* Project object */;
			proxyType = 1;
			remoteGlobalIDString = 9007CE981B1F2A4C00F4650F;
			remoteInfo = PizzaSparta;
		};
/* End PBXContainerItemProxy section */

/* Begin PBXFileReference section */
		03C300C11B2F29EA00154C49 /* SPLoginTableViewController.h */ = {isa = PBXFileReference; fileEncoding = 4; lastKnownFileType = sourcecode.c.h; name = SPLoginTableViewController.h; path = UserInterface/SPLoginTableViewController.h; sourceTree = "<group>"; };
		03C300C21B2F29EA00154C49 /* SPLoginTableViewController.m */ = {isa = PBXFileReference; fileEncoding = 4; lastKnownFileType = sourcecode.c.objc; name = SPLoginTableViewController.m; path = UserInterface/SPLoginTableViewController.m; sourceTree = "<group>"; };
		03C300C41B2F4E1600154C49 /* SPUIHeader.m */ = {isa = PBXFileReference; fileEncoding = 4; lastKnownFileType = sourcecode.c.objc; name = SPUIHeader.m; path = UserInterface/SPUIHeader.m; sourceTree = "<group>"; };
		03C300C61B2F5A8700154C49 /* SPRegistrationTableViewController.h */ = {isa = PBXFileReference; fileEncoding = 4; lastKnownFileType = sourcecode.c.h; name = SPRegistrationTableViewController.h; path = UserInterface/SPRegistrationTableViewController.h; sourceTree = "<group>"; };
		03C300C71B2F5A8700154C49 /* SPRegistrationTableViewController.m */ = {isa = PBXFileReference; fileEncoding = 4; lastKnownFileType = sourcecode.c.objc; name = SPRegistrationTableViewController.m; path = UserInterface/SPRegistrationTableViewController.m; sourceTree = "<group>"; };
		03C301021B3032A600154C49 /* SPCartTableViewCell.h */ = {isa = PBXFileReference; fileEncoding = 4; lastKnownFileType = sourcecode.c.h; name = SPCartTableViewCell.h; path = UserInterface/SPCartTableViewCell.h; sourceTree = "<group>"; };
		03C301031B3032A600154C49 /* SPCartTableViewCell.m */ = {isa = PBXFileReference; fileEncoding = 4; lastKnownFileType = sourcecode.c.objc; name = SPCartTableViewCell.m; path = UserInterface/SPCartTableViewCell.m; sourceTree = "<group>"; };
		9007CE991B1F2A4C00F4650F /* PizzaSparta.app */ = {isa = PBXFileReference; explicitFileType = wrapper.application; includeInIndex = 0; path = PizzaSparta.app; sourceTree = BUILT_PRODUCTS_DIR; };
		9007CE9D1B1F2A4C00F4650F /* Info.plist */ = {isa = PBXFileReference; lastKnownFileType = text.plist.xml; path = Info.plist; sourceTree = "<group>"; };
		9007CE9E1B1F2A4C00F4650F /* main.m */ = {isa = PBXFileReference; lastKnownFileType = sourcecode.c.objc; path = main.m; sourceTree = "<group>"; };
		9007CEAA1B1F2A4D00F4650F /* Base */ = {isa = PBXFileReference; lastKnownFileType = file.storyboard; name = Base; path = Base.lproj/Main.storyboard; sourceTree = "<group>"; };
		9007CEAC1B1F2A4D00F4650F /* Images.xcassets */ = {isa = PBXFileReference; lastKnownFileType = folder.assetcatalog; path = Images.xcassets; sourceTree = "<group>"; };
		9007CEAF1B1F2A4D00F4650F /* Base */ = {isa = PBXFileReference; lastKnownFileType = file.xib; name = Base; path = Base.lproj/LaunchScreen.xib; sourceTree = "<group>"; };
		9007CEB51B1F2A4D00F4650F /* PizzaSpartaTests.xctest */ = {isa = PBXFileReference; explicitFileType = wrapper.cfbundle; includeInIndex = 0; path = PizzaSpartaTests.xctest; sourceTree = BUILT_PRODUCTS_DIR; };
		9007CEBA1B1F2A4D00F4650F /* Info.plist */ = {isa = PBXFileReference; lastKnownFileType = text.plist.xml; path = Info.plist; sourceTree = "<group>"; };
		9007CEBB1B1F2A4D00F4650F /* PizzaSpartaTests.m */ = {isa = PBXFileReference; lastKnownFileType = sourcecode.c.objc; path = PizzaSpartaTests.m; sourceTree = "<group>"; };
		906E59921B20F8DC00186629 /* UI Sample.png */ = {isa = PBXFileReference; lastKnownFileType = image.png; path = "UI Sample.png"; sourceTree = "<group>"; };
		906E59931B20F8DC00186629 /* cartTabBarIcon.png */ = {isa = PBXFileReference; lastKnownFileType = image.png; path = cartTabBarIcon.png; sourceTree = "<group>"; };
		906E59941B20F8DC00186629 /* colorPreview.png */ = {isa = PBXFileReference; lastKnownFileType = image.png; path = colorPreview.png; sourceTree = "<group>"; };
		906E59951B20F8DC00186629 /* logo.png */ = {isa = PBXFileReference; lastKnownFileType = image.png; path = logo.png; sourceTree = "<group>"; };
		906E59971B20F8DC00186629 /* pizzaTabBarIcon.png */ = {isa = PBXFileReference; lastKnownFileType = image.png; path = pizzaTabBarIcon.png; sourceTree = "<group>"; };
		906E59981B20F8DC00186629 /* promoTabBarIcon.png */ = {isa = PBXFileReference; lastKnownFileType = image.png; path = promoTabBarIcon.png; sourceTree = "<group>"; };
		906E59991B20F8DC00186629 /* settingsTabBarIcon.png */ = {isa = PBXFileReference; lastKnownFileType = image.png; path = settingsTabBarIcon.png; sourceTree = "<group>"; };
		90A954B41B2024AE006A0D8E /* SPMenuTableViewController.h */ = {isa = PBXFileReference; fileEncoding = 4; lastKnownFileType = sourcecode.c.h; name = SPMenuTableViewController.h; path = UserInterface/SPMenuTableViewController.h; sourceTree = "<group>"; };
		90A954B51B2024AE006A0D8E /* SPMenuTableViewController.m */ = {isa = PBXFileReference; fileEncoding = 4; lastKnownFileType = sourcecode.c.objc; name = SPMenuTableViewController.m; path = UserInterface/SPMenuTableViewController.m; sourceTree = "<group>"; };
		90A954CA1B202525006A0D8E /* SPPromoTableViewController.h */ = {isa = PBXFileReference; fileEncoding = 4; lastKnownFileType = sourcecode.c.h; name = SPPromoTableViewController.h; path = UserInterface/SPPromoTableViewController.h; sourceTree = "<group>"; };
		90A954CB1B202525006A0D8E /* SPPromoTableViewController.m */ = {isa = PBXFileReference; fileEncoding = 4; lastKnownFileType = sourcecode.c.objc; name = SPPromoTableViewController.m; path = UserInterface/SPPromoTableViewController.m; sourceTree = "<group>"; };
		90A954CD1B202546006A0D8E /* SPCartTableViewController.h */ = {isa = PBXFileReference; fileEncoding = 4; lastKnownFileType = sourcecode.c.h; name = SPCartTableViewController.h; path = UserInterface/SPCartTableViewController.h; sourceTree = "<group>"; };
		90A954CE1B202546006A0D8E /* SPCartTableViewController.m */ = {isa = PBXFileReference; fileEncoding = 4; lastKnownFileType = sourcecode.c.objc; name = SPCartTableViewController.m; path = UserInterface/SPCartTableViewController.m; sourceTree = "<group>"; };
		90A954D01B20255A006A0D8E /* SPMoreTableViewController.h */ = {isa = PBXFileReference; fileEncoding = 4; lastKnownFileType = sourcecode.c.h; name = SPMoreTableViewController.h; path = UserInterface/SPMoreTableViewController.h; sourceTree = "<group>"; };
		90A954D11B20255A006A0D8E /* SPMoreTableViewController.m */ = {isa = PBXFileReference; fileEncoding = 4; lastKnownFileType = sourcecode.c.objc; name = SPMoreTableViewController.m; path = UserInterface/SPMoreTableViewController.m; sourceTree = "<group>"; };
		90A954D31B202D44006A0D8E /* SPUIHeader.h */ = {isa = PBXFileReference; lastKnownFileType = sourcecode.c.h; name = SPUIHeader.h; path = UserInterface/UIResources/SPUIHeader.h; sourceTree = "<group>"; };
		90C16B1C1B2359000045788C /* SPMenuItemsTableViewController.h */ = {isa = PBXFileReference; fileEncoding = 4; lastKnownFileType = sourcecode.c.h; name = SPMenuItemsTableViewController.h; path = UserInterface/SPMenuItemsTableViewController.h; sourceTree = "<group>"; };
		90C16B1D1B2359000045788C /* SPMenuItemsTableViewController.m */ = {isa = PBXFileReference; fileEncoding = 4; lastKnownFileType = sourcecode.c.objc; name = SPMenuItemsTableViewController.m; path = UserInterface/SPMenuItemsTableViewController.m; sourceTree = "<group>"; };
		90C16B1F1B235BA90045788C /* SPItemTableViewCell.h */ = {isa = PBXFileReference; fileEncoding = 4; lastKnownFileType = sourcecode.c.h; name = SPItemTableViewCell.h; path = UserInterface/SPItemTableViewCell.h; sourceTree = "<group>"; };
		90C16B201B235BA90045788C /* SPItemTableViewCell.m */ = {isa = PBXFileReference; fileEncoding = 4; lastKnownFileType = sourcecode.c.objc; name = SPItemTableViewCell.m; path = UserInterface/SPItemTableViewCell.m; sourceTree = "<group>"; };
		90C16B221B23621F0045788C /* SPItemDetailsTableViewController.h */ = {isa = PBXFileReference; fileEncoding = 4; lastKnownFileType = sourcecode.c.h; name = SPItemDetailsTableViewController.h; path = UserInterface/SPItemDetailsTableViewController.h; sourceTree = "<group>"; };
		90C16B231B23621F0045788C /* SPItemDetailsTableViewController.m */ = {isa = PBXFileReference; fileEncoding = 4; lastKnownFileType = sourcecode.c.objc; name = SPItemDetailsTableViewController.m; path = UserInterface/SPItemDetailsTableViewController.m; sourceTree = "<group>"; };
		90C16B281B2393FE0045788C /* UIViewController+SPImageBackButton.h */ = {isa = PBXFileReference; fileEncoding = 4; lastKnownFileType = sourcecode.c.h; name = "UIViewController+SPImageBackButton.h"; path = "UserInterface/UIResources/UIViewController+SPImageBackButton.h"; sourceTree = "<group>"; };
		90C16B291B2393FE0045788C /* UIViewController+SPImageBackButton.m */ = {isa = PBXFileReference; fileEncoding = 4; lastKnownFileType = sourcecode.c.objc; name = "UIViewController+SPImageBackButton.m"; path = "UserInterface/UIResources/UIViewController+SPImageBackButton.m"; sourceTree = "<group>"; };
		90C16B2B1B23AA640045788C /* SPAboutTableViewController.h */ = {isa = PBXFileReference; fileEncoding = 4; lastKnownFileType = sourcecode.c.h; name = SPAboutTableViewController.h; path = UserInterface/SPAboutTableViewController.h; sourceTree = "<group>"; };
		90C16B2C1B23AA640045788C /* SPAboutTableViewController.m */ = {isa = PBXFileReference; fileEncoding = 4; lastKnownFileType = sourcecode.c.objc; name = SPAboutTableViewController.m; path = UserInterface/SPAboutTableViewController.m; sourceTree = "<group>"; };
		90F111A61B21FD7C0044AA63 /* PizzaSparta.xcdatamodel */ = {isa = PBXFileReference; lastKnownFileType = wrapper.xcdatamodel; path = PizzaSparta.xcdatamodel; sourceTree = "<group>"; };
		90F111A71B21FD7C0044AA63 /* Product+Modify.h */ = {isa = PBXFileReference; fileEncoding = 4; lastKnownFileType = sourcecode.c.h; path = "Product+Modify.h"; sourceTree = "<group>"; };
		90F111A81B21FD7C0044AA63 /* Product+Modify.m */ = {isa = PBXFileReference; fileEncoding = 4; lastKnownFileType = sourcecode.c.objc; path = "Product+Modify.m"; sourceTree = "<group>"; };
		90F111AC1B21FD7C0044AA63 /* SPAppDelegate.h */ = {isa = PBXFileReference; fileEncoding = 4; lastKnownFileType = sourcecode.c.h; path = SPAppDelegate.h; sourceTree = "<group>"; };
		90F111AD1B21FD7C0044AA63 /* SPAppDelegate.m */ = {isa = PBXFileReference; fileEncoding = 4; lastKnownFileType = sourcecode.c.objc; path = SPAppDelegate.m; sourceTree = "<group>"; };
		90F111AE1B21FD7C0044AA63 /* SPManager.h */ = {isa = PBXFileReference; fileEncoding = 4; lastKnownFileType = sourcecode.c.h; path = SPManager.h; sourceTree = "<group>"; };
		90F111AF1B21FD7C0044AA63 /* SPManager.m */ = {isa = PBXFileReference; fileEncoding = 4; lastKnownFileType = sourcecode.c.objc; path = SPManager.m; sourceTree = "<group>"; };
		F12FCDE41B287E7500CCE789 /* Account.h */ = {isa = PBXFileReference; fileEncoding = 4; lastKnownFileType = sourcecode.c.h; path = Account.h; sourceTree = "<group>"; };
		F12FCDE51B287E7500CCE789 /* Account.m */ = {isa = PBXFileReference; fileEncoding = 4; lastKnownFileType = sourcecode.c.objc; path = Account.m; sourceTree = "<group>"; };
		F130DFA71B304BAA009EEE8B /* Ingredient.h */ = {isa = PBXFileReference; fileEncoding = 4; lastKnownFileType = sourcecode.c.h; path = Ingredient.h; sourceTree = "<group>"; };
		F130DFA81B304BAA009EEE8B /* Ingredient.m */ = {isa = PBXFileReference; fileEncoding = 4; lastKnownFileType = sourcecode.c.objc; path = Ingredient.m; sourceTree = "<group>"; };
		F130DFAA1B304BDF009EEE8B /* SPCustomPizza.h */ = {isa = PBXFileReference; fileEncoding = 4; lastKnownFileType = sourcecode.c.h; path = SPCustomPizza.h; sourceTree = "<group>"; };
		F130DFAB1B304BDF009EEE8B /* SPCustomPizza.m */ = {isa = PBXFileReference; fileEncoding = 4; lastKnownFileType = sourcecode.c.objc; path = SPCustomPizza.m; sourceTree = "<group>"; };
		F1448E3B1B25EA2B009CCF1E /* Product.h */ = {isa = PBXFileReference; fileEncoding = 4; lastKnownFileType = sourcecode.c.h; path = Product.h; sourceTree = "<group>"; };
		F1448E3C1B25EA2B009CCF1E /* Product.m */ = {isa = PBXFileReference; fileEncoding = 4; lastKnownFileType = sourcecode.c.objc; path = Product.m; sourceTree = "<group>"; };
		F1918A6F1B31C7F5005CCCA7 /* FBSDKCoreKit.framework */ = {isa = PBXFileReference; lastKnownFileType = wrapper.framework; path = FBSDKCoreKit.framework; sourceTree = "<group>"; };
		F1918A701B31C7F5005CCCA7 /* FBSDKLoginKit.framework */ = {isa = PBXFileReference; lastKnownFileType = wrapper.framework; path = FBSDKLoginKit.framework; sourceTree = "<group>"; };
		F1918A711B31C7F5005CCCA7 /* FBSDKShareKit.framework */ = {isa = PBXFileReference; lastKnownFileType = wrapper.framework; path = FBSDKShareKit.framework; sourceTree = "<group>"; };
		F274392F1B25BFA700356D1F /* NSString+Check.h */ = {isa = PBXFileReference; fileEncoding = 4; lastKnownFileType = sourcecode.c.h; path = "NSString+Check.h"; sourceTree = "<group>"; };
		F27439301B25BFA700356D1F /* NSString+Check.m */ = {isa = PBXFileReference; fileEncoding = 4; lastKnownFileType = sourcecode.c.objc; path = "NSString+Check.m"; sourceTree = "<group>"; };
		F2E5A3B51B2B1324002A9891 /* SPDatabaseManager.m */ = {isa = PBXFileReference; fileEncoding = 4; lastKnownFileType = sourcecode.c.objc; path = SPDatabaseManager.m; sourceTree = "<group>"; };
		F2E5A3B71B2B1465002A9891 /* SPDatabaseManager.h */ = {isa = PBXFileReference; fileEncoding = 4; lastKnownFileType = sourcecode.c.h; path = SPDatabaseManager.h; sourceTree = "<group>"; };
		F2E9DD361B2874AF00F2E3BD /* UserAdress.h */ = {isa = PBXFileReference; fileEncoding = 4; lastKnownFileType = sourcecode.c.h; path = UserAdress.h; sourceTree = "<group>"; };
		F2E9DD371B2874AF00F2E3BD /* UserAdress.m */ = {isa = PBXFileReference; fileEncoding = 4; lastKnownFileType = sourcecode.c.objc; path = UserAdress.m; sourceTree = "<group>"; };
		F2E9DD391B28790B00F2E3BD /* User.h */ = {isa = PBXFileReference; fileEncoding = 4; lastKnownFileType = sourcecode.c.h; path = User.h; sourceTree = "<group>"; };
		F2E9DD3A1B28790B00F2E3BD /* User.m */ = {isa = PBXFileReference; fileEncoding = 4; lastKnownFileType = sourcecode.c.objc; path = User.m; sourceTree = "<group>"; };
/* End PBXFileReference section */

/* Begin PBXFrameworksBuildPhase section */
		9007CE961B1F2A4C00F4650F /* Frameworks */ = {
			isa = PBXFrameworksBuildPhase;
			buildActionMask = 2147483647;
			files = (
				F1918A731B31C7F5005CCCA7 /* FBSDKLoginKit.framework in Frameworks */,
				F1918A721B31C7F5005CCCA7 /* FBSDKCoreKit.framework in Frameworks */,
				F1918A741B31C7F5005CCCA7 /* FBSDKShareKit.framework in Frameworks */,
			);
			runOnlyForDeploymentPostprocessing = 0;
		};
		9007CEB21B1F2A4D00F4650F /* Frameworks */ = {
			isa = PBXFrameworksBuildPhase;
			buildActionMask = 2147483647;
			files = (
			);
			runOnlyForDeploymentPostprocessing = 0;
		};
/* End PBXFrameworksBuildPhase section */

/* Begin PBXGroup section */
		03C300FB1B3002B000154C49 /* Facebook Frameworks */ = {
			isa = PBXGroup;
			children = (
				F1918A6F1B31C7F5005CCCA7 /* FBSDKCoreKit.framework */,
				F1918A701B31C7F5005CCCA7 /* FBSDKLoginKit.framework */,
				F1918A711B31C7F5005CCCA7 /* FBSDKShareKit.framework */,
			);
			name = "Facebook Frameworks";
			sourceTree = "<group>";
		};
		03C301051B303F3300154C49 /* Detailed Views */ = {
			isa = PBXGroup;
			children = (
				90C16B221B23621F0045788C /* SPItemDetailsTableViewController.h */,
				90C16B231B23621F0045788C /* SPItemDetailsTableViewController.m */,
			);
			name = "Detailed Views";
			sourceTree = "<group>";
		};
		9007CE901B1F2A4C00F4650F = {
			isa = PBXGroup;
			children = (
				9007CE9B1B1F2A4C00F4650F /* PizzaSparta */,
				9007CEB81B1F2A4D00F4650F /* PizzaSpartaTests */,
				9007CE9A1B1F2A4C00F4650F /* Products */,
			);
			sourceTree = "<group>";
		};
		9007CE9A1B1F2A4C00F4650F /* Products */ = {
			isa = PBXGroup;
			children = (
				9007CE991B1F2A4C00F4650F /* PizzaSparta.app */,
				9007CEB51B1F2A4D00F4650F /* PizzaSpartaTests.xctest */,
			);
			name = Products;
			sourceTree = "<group>";
		};
		9007CE9B1B1F2A4C00F4650F /* PizzaSparta */ = {
			isa = PBXGroup;
			children = (
				90F1119B1B21FD7C0044AA63 /* Model */,
				90F111AB1B21FD7C0044AA63 /* Controller */,
				90C1E34E1B1FB0A600B6605B /* User Interface */,
				9007CE9C1B1F2A4C00F4650F /* Supporting Files */,
				03C300FB1B3002B000154C49 /* Facebook Frameworks */,
			);
			path = PizzaSparta;
			sourceTree = "<group>";
		};
		9007CE9C1B1F2A4C00F4650F /* Supporting Files */ = {
			isa = PBXGroup;
			children = (
				9007CE9D1B1F2A4C00F4650F /* Info.plist */,
				9007CE9E1B1F2A4C00F4650F /* main.m */,
			);
			name = "Supporting Files";
			sourceTree = "<group>";
		};
		9007CEB81B1F2A4D00F4650F /* PizzaSpartaTests */ = {
			isa = PBXGroup;
			children = (
				9007CEBB1B1F2A4D00F4650F /* PizzaSpartaTests.m */,
				9007CEB91B1F2A4D00F4650F /* Supporting Files */,
			);
			path = PizzaSpartaTests;
			sourceTree = "<group>";
		};
		9007CEB91B1F2A4D00F4650F /* Supporting Files */ = {
			isa = PBXGroup;
			children = (
				9007CEBA1B1F2A4D00F4650F /* Info.plist */,
			);
			name = "Supporting Files";
			sourceTree = "<group>";
		};
		906E59911B20F8DC00186629 /* Samples */ = {
			isa = PBXGroup;
			children = (
				906E59921B20F8DC00186629 /* UI Sample.png */,
				906E59931B20F8DC00186629 /* cartTabBarIcon.png */,
				906E59941B20F8DC00186629 /* colorPreview.png */,
				906E59951B20F8DC00186629 /* logo.png */,
				906E59971B20F8DC00186629 /* pizzaTabBarIcon.png */,
				906E59981B20F8DC00186629 /* promoTabBarIcon.png */,
				906E59991B20F8DC00186629 /* settingsTabBarIcon.png */,
			);
			path = Samples;
			sourceTree = "<group>";
		};
		90A954A01B202395006A0D8E /* Resources */ = {
			isa = PBXGroup;
			children = (
				90A954D31B202D44006A0D8E /* SPUIHeader.h */,
				03C300C41B2F4E1600154C49 /* SPUIHeader.m */,
				90C16B281B2393FE0045788C /* UIViewController+SPImageBackButton.h */,
				90C16B291B2393FE0045788C /* UIViewController+SPImageBackButton.m */,
				90C16B1F1B235BA90045788C /* SPItemTableViewCell.h */,
				90C16B201B235BA90045788C /* SPItemTableViewCell.m */,
				03C301021B3032A600154C49 /* SPCartTableViewCell.h */,
				03C301031B3032A600154C49 /* SPCartTableViewCell.m */,
				906E59911B20F8DC00186629 /* Samples */,
			);
			name = Resources;
			sourceTree = "<group>";
		};
		90C16B2E1B23AA7A0045788C /* Menu */ = {
			isa = PBXGroup;
			children = (
				90C16B1C1B2359000045788C /* SPMenuItemsTableViewController.h */,
				90C16B1D1B2359000045788C /* SPMenuItemsTableViewController.m */,
				90A954B41B2024AE006A0D8E /* SPMenuTableViewController.h */,
				90A954B51B2024AE006A0D8E /* SPMenuTableViewController.m */,
			);
			name = Menu;
			sourceTree = "<group>";
		};
		90C16B2F1B23AA900045788C /* More */ = {
			isa = PBXGroup;
			children = (
				90C16B2B1B23AA640045788C /* SPAboutTableViewController.h */,
				90C16B2C1B23AA640045788C /* SPAboutTableViewController.m */,
				90A954D01B20255A006A0D8E /* SPMoreTableViewController.h */,
				90A954D11B20255A006A0D8E /* SPMoreTableViewController.m */,
			);
			name = More;
			sourceTree = "<group>";
		};
		90C16B301B23AAA10045788C /* Promo */ = {
			isa = PBXGroup;
			children = (
				90A954CA1B202525006A0D8E /* SPPromoTableViewController.h */,
				90A954CB1B202525006A0D8E /* SPPromoTableViewController.m */,
			);
			name = Promo;
			sourceTree = "<group>";
		};
		90C16B311B23AAA90045788C /* Cart */ = {
			isa = PBXGroup;
			children = (
				90A954CD1B202546006A0D8E /* SPCartTableViewController.h */,
				90A954CE1B202546006A0D8E /* SPCartTableViewController.m */,
			);
			name = Cart;
			sourceTree = "<group>";
		};
		90C1E34E1B1FB0A600B6605B /* User Interface */ = {
			isa = PBXGroup;
			children = (
				9007CEAE1B1F2A4D00F4650F /* LaunchScreen.xib */,
				9007CEAC1B1F2A4D00F4650F /* Images.xcassets */,
				9007CEA91B1F2A4D00F4650F /* Main.storyboard */,
				90A954A01B202395006A0D8E /* Resources */,
				90C1E34F1B1FB0B700B6605B /* View Controllers */,
			);
			name = "User Interface";
			sourceTree = "<group>";
		};
		90C1E34F1B1FB0B700B6605B /* View Controllers */ = {
			isa = PBXGroup;
			children = (
				03C301051B303F3300154C49 /* Detailed Views */,
				F274392B1B25BA4A00356D1F /* Login and Registration */,
				90C16B2E1B23AA7A0045788C /* Menu */,
				90C16B2F1B23AA900045788C /* More */,
				90C16B301B23AAA10045788C /* Promo */,
				90C16B311B23AAA90045788C /* Cart */,
			);
			name = "View Controllers";
			sourceTree = "<group>";
		};
		90F1119B1B21FD7C0044AA63 /* Model */ = {
			isa = PBXGroup;
			children = (
				90F111A51B21FD7C0044AA63 /* PizzaSparta.xcdatamodeld */,
				F12FCDE41B287E7500CCE789 /* Account.h */,
				F12FCDE51B287E7500CCE789 /* Account.m */,
				F1448E3B1B25EA2B009CCF1E /* Product.h */,
				F1448E3C1B25EA2B009CCF1E /* Product.m */,
				90F111A71B21FD7C0044AA63 /* Product+Modify.h */,
				90F111A81B21FD7C0044AA63 /* Product+Modify.m */,
				F274392F1B25BFA700356D1F /* NSString+Check.h */,
				F27439301B25BFA700356D1F /* NSString+Check.m */,
				F2E9DD361B2874AF00F2E3BD /* UserAdress.h */,
				F2E9DD371B2874AF00F2E3BD /* UserAdress.m */,
				F2E9DD391B28790B00F2E3BD /* User.h */,
				F2E9DD3A1B28790B00F2E3BD /* User.m */,
				F130DFA71B304BAA009EEE8B /* Ingredient.h */,
				F130DFA81B304BAA009EEE8B /* Ingredient.m */,
				F130DFAA1B304BDF009EEE8B /* SPCustomPizza.h */,
				F130DFAB1B304BDF009EEE8B /* SPCustomPizza.m */,
			);
			path = Model;
			sourceTree = "<group>";
		};
		90F111AB1B21FD7C0044AA63 /* Controller */ = {
			isa = PBXGroup;
			children = (
				90F111AC1B21FD7C0044AA63 /* SPAppDelegate.h */,
				90F111AD1B21FD7C0044AA63 /* SPAppDelegate.m */,
				90F111AE1B21FD7C0044AA63 /* SPManager.h */,
				90F111AF1B21FD7C0044AA63 /* SPManager.m */,
				F2E5A3B71B2B1465002A9891 /* SPDatabaseManager.h */,
				F2E5A3B51B2B1324002A9891 /* SPDatabaseManager.m */,
			);
			path = Controller;
			sourceTree = "<group>";
		};
		F274392B1B25BA4A00356D1F /* Login and Registration */ = {
			isa = PBXGroup;
			children = (
				03C300C61B2F5A8700154C49 /* SPRegistrationTableViewController.h */,
				03C300C71B2F5A8700154C49 /* SPRegistrationTableViewController.m */,
				03C300C11B2F29EA00154C49 /* SPLoginTableViewController.h */,
				03C300C21B2F29EA00154C49 /* SPLoginTableViewController.m */,
			);
			name = "Login and Registration";
			sourceTree = "<group>";
		};
/* End PBXGroup section */

/* Begin PBXNativeTarget section */
		9007CE981B1F2A4C00F4650F /* PizzaSparta */ = {
			isa = PBXNativeTarget;
			buildConfigurationList = 9007CEBF1B1F2A4D00F4650F /* Build configuration list for PBXNativeTarget "PizzaSparta" */;
			buildPhases = (
				9007CE951B1F2A4C00F4650F /* Sources */,
				9007CE961B1F2A4C00F4650F /* Frameworks */,
				9007CE971B1F2A4C00F4650F /* Resources */,
			);
			buildRules = (
			);
			dependencies = (
			);
			name = PizzaSparta;
			productName = PizzaSparta;
			productReference = 9007CE991B1F2A4C00F4650F /* PizzaSparta.app */;
			productType = "com.apple.product-type.application";
		};
		9007CEB41B1F2A4D00F4650F /* PizzaSpartaTests */ = {
			isa = PBXNativeTarget;
			buildConfigurationList = 9007CEC21B1F2A4D00F4650F /* Build configuration list for PBXNativeTarget "PizzaSpartaTests" */;
			buildPhases = (
				9007CEB11B1F2A4D00F4650F /* Sources */,
				9007CEB21B1F2A4D00F4650F /* Frameworks */,
				9007CEB31B1F2A4D00F4650F /* Resources */,
			);
			buildRules = (
			);
			dependencies = (
				9007CEB71B1F2A4D00F4650F /* PBXTargetDependency */,
			);
			name = PizzaSpartaTests;
			productName = PizzaSpartaTests;
			productReference = 9007CEB51B1F2A4D00F4650F /* PizzaSpartaTests.xctest */;
			productType = "com.apple.product-type.bundle.unit-test";
		};
/* End PBXNativeTarget section */

/* Begin PBXProject section */
		9007CE911B1F2A4C00F4650F /* Project object */ = {
			isa = PBXProject;
			attributes = {
				CLASSPREFIX = SP;
				LastUpgradeCheck = 0630;
				ORGANIZATIONNAME = "MentorMate Academy";
				TargetAttributes = {
					9007CE981B1F2A4C00F4650F = {
						CreatedOnToolsVersion = 6.3.2;
					};
					9007CEB41B1F2A4D00F4650F = {
						CreatedOnToolsVersion = 6.3.2;
						TestTargetID = 9007CE981B1F2A4C00F4650F;
					};
				};
			};
			buildConfigurationList = 9007CE941B1F2A4C00F4650F /* Build configuration list for PBXProject "PizzaSparta" */;
			compatibilityVersion = "Xcode 3.2";
			developmentRegion = English;
			hasScannedForEncodings = 0;
			knownRegions = (
				en,
				Base,
			);
			mainGroup = 9007CE901B1F2A4C00F4650F;
			productRefGroup = 9007CE9A1B1F2A4C00F4650F /* Products */;
			projectDirPath = "";
			projectRoot = "";
			targets = (
				9007CE981B1F2A4C00F4650F /* PizzaSparta */,
				9007CEB41B1F2A4D00F4650F /* PizzaSpartaTests */,
			);
		};
/* End PBXProject section */

/* Begin PBXResourcesBuildPhase section */
		9007CE971B1F2A4C00F4650F /* Resources */ = {
			isa = PBXResourcesBuildPhase;
			buildActionMask = 2147483647;
			files = (
				906E59A11B20F8DC00186629 /* promoTabBarIcon.png in Resources */,
				906E59A01B20F8DC00186629 /* pizzaTabBarIcon.png in Resources */,
				906E599D1B20F8DC00186629 /* colorPreview.png in Resources */,
				906E59A21B20F8DC00186629 /* settingsTabBarIcon.png in Resources */,
				906E599C1B20F8DC00186629 /* cartTabBarIcon.png in Resources */,
				906E599B1B20F8DC00186629 /* UI Sample.png in Resources */,
				9007CEAB1B1F2A4D00F4650F /* Main.storyboard in Resources */,
				906E599E1B20F8DC00186629 /* logo.png in Resources */,
				9007CEB01B1F2A4D00F4650F /* LaunchScreen.xib in Resources */,
				9007CEAD1B1F2A4D00F4650F /* Images.xcassets in Resources */,
			);
			runOnlyForDeploymentPostprocessing = 0;
		};
		9007CEB31B1F2A4D00F4650F /* Resources */ = {
			isa = PBXResourcesBuildPhase;
			buildActionMask = 2147483647;
			files = (
			);
			runOnlyForDeploymentPostprocessing = 0;
		};
/* End PBXResourcesBuildPhase section */

/* Begin PBXSourcesBuildPhase section */
		9007CE951B1F2A4C00F4650F /* Sources */ = {
			isa = PBXSourcesBuildPhase;
			buildActionMask = 2147483647;
			files = (
				F1448E3D1B25EA2B009CCF1E /* Product.m in Sources */,
				90F111B91B21FD7C0044AA63 /* SPManager.m in Sources */,
				90C16B211B235BA90045788C /* SPItemTableViewCell.m in Sources */,
				90A954CC1B202525006A0D8E /* SPPromoTableViewController.m in Sources */,
				90F111B61B21FD7C0044AA63 /* Product+Modify.m in Sources */,
				90C16B2D1B23AA640045788C /* SPAboutTableViewController.m in Sources */,
				F2E9DD3B1B28790B00F2E3BD /* User.m in Sources */,
				03C300C51B2F4E1600154C49 /* SPUIHeader.m in Sources */,
				03C301041B3032A600154C49 /* SPCartTableViewCell.m in Sources */,
				90A954D21B20255A006A0D8E /* SPMoreTableViewController.m in Sources */,
				F12FCDE61B287E7500CCE789 /* Account.m in Sources */,
				90A954B61B2024AE006A0D8E /* SPMenuTableViewController.m in Sources */,
				03C300C81B2F5A8700154C49 /* SPRegistrationTableViewController.m in Sources */,
				90C16B1E1B2359000045788C /* SPMenuItemsTableViewController.m in Sources */,
				F2E5A3B61B2B1324002A9891 /* SPDatabaseManager.m in Sources */,
				9007CE9F1B1F2A4C00F4650F /* main.m in Sources */,
				F130DFAC1B304BDF009EEE8B /* SPCustomPizza.m in Sources */,
				90C16B241B23621F0045788C /* SPItemDetailsTableViewController.m in Sources */,
				F130DFA91B304BAA009EEE8B /* Ingredient.m in Sources */,
				F2E9DD381B2874AF00F2E3BD /* UserAdress.m in Sources */,
				90F111B81B21FD7C0044AA63 /* SPAppDelegate.m in Sources */,
				90F111B51B21FD7C0044AA63 /* PizzaSparta.xcdatamodeld in Sources */,
				90C16B2A1B2393FE0045788C /* UIViewController+SPImageBackButton.m in Sources */,
				03C300C31B2F29EA00154C49 /* SPLoginTableViewController.m in Sources */,
				90A954CF1B202546006A0D8E /* SPCartTableViewController.m in Sources */,
				F27439311B25BFA700356D1F /* NSString+Check.m in Sources */,
			);
			runOnlyForDeploymentPostprocessing = 0;
		};
		9007CEB11B1F2A4D00F4650F /* Sources */ = {
			isa = PBXSourcesBuildPhase;
			buildActionMask = 2147483647;
			files = (
				9007CEBC1B1F2A4D00F4650F /* PizzaSpartaTests.m in Sources */,
			);
			runOnlyForDeploymentPostprocessing = 0;
		};
/* End PBXSourcesBuildPhase section */

/* Begin PBXTargetDependency section */
		9007CEB71B1F2A4D00F4650F /* PBXTargetDependency */ = {
			isa = PBXTargetDependency;
			target = 9007CE981B1F2A4C00F4650F /* PizzaSparta */;
			targetProxy = 9007CEB61B1F2A4D00F4650F /* PBXContainerItemProxy */;
		};
/* End PBXTargetDependency section */

/* Begin PBXVariantGroup section */
		9007CEA91B1F2A4D00F4650F /* Main.storyboard */ = {
			isa = PBXVariantGroup;
			children = (
				9007CEAA1B1F2A4D00F4650F /* Base */,
			);
			name = Main.storyboard;
			sourceTree = "<group>";
		};
		9007CEAE1B1F2A4D00F4650F /* LaunchScreen.xib */ = {
			isa = PBXVariantGroup;
			children = (
				9007CEAF1B1F2A4D00F4650F /* Base */,
			);
			name = LaunchScreen.xib;
			sourceTree = "<group>";
		};
/* End PBXVariantGroup section */

/* Begin XCBuildConfiguration section */
		9007CEBD1B1F2A4D00F4650F /* Debug */ = {
			isa = XCBuildConfiguration;
			buildSettings = {
				ALWAYS_SEARCH_USER_PATHS = NO;
				CLANG_CXX_LANGUAGE_STANDARD = "gnu++0x";
				CLANG_CXX_LIBRARY = "libc++";
				CLANG_ENABLE_MODULES = YES;
				CLANG_ENABLE_OBJC_ARC = YES;
				CLANG_WARN_BOOL_CONVERSION = YES;
				CLANG_WARN_CONSTANT_CONVERSION = YES;
				CLANG_WARN_DIRECT_OBJC_ISA_USAGE = YES_ERROR;
				CLANG_WARN_EMPTY_BODY = YES;
				CLANG_WARN_ENUM_CONVERSION = YES;
				CLANG_WARN_INT_CONVERSION = YES;
				CLANG_WARN_OBJC_ROOT_CLASS = YES_ERROR;
				CLANG_WARN_UNREACHABLE_CODE = YES;
				CLANG_WARN__DUPLICATE_METHOD_MATCH = YES;
				"CODE_SIGN_IDENTITY[sdk=iphoneos*]" = "iPhone Developer";
				COPY_PHASE_STRIP = NO;
				DEBUG_INFORMATION_FORMAT = "dwarf-with-dsym";
				ENABLE_STRICT_OBJC_MSGSEND = YES;
				GCC_C_LANGUAGE_STANDARD = gnu99;
				GCC_DYNAMIC_NO_PIC = NO;
				GCC_NO_COMMON_BLOCKS = YES;
				GCC_OPTIMIZATION_LEVEL = 0;
				GCC_PREPROCESSOR_DEFINITIONS = (
					"DEBUG=1",
					"$(inherited)",
				);
				GCC_SYMBOLS_PRIVATE_EXTERN = NO;
				GCC_WARN_64_TO_32_BIT_CONVERSION = YES;
				GCC_WARN_ABOUT_RETURN_TYPE = YES_ERROR;
				GCC_WARN_UNDECLARED_SELECTOR = YES;
				GCC_WARN_UNINITIALIZED_AUTOS = YES_AGGRESSIVE;
				GCC_WARN_UNUSED_FUNCTION = YES;
				GCC_WARN_UNUSED_VARIABLE = YES;
				IPHONEOS_DEPLOYMENT_TARGET = 8.3;
				MTL_ENABLE_DEBUG_INFO = YES;
				ONLY_ACTIVE_ARCH = YES;
				SDKROOT = iphoneos;
				TARGETED_DEVICE_FAMILY = "1,2";
			};
			name = Debug;
		};
		9007CEBE1B1F2A4D00F4650F /* Release */ = {
			isa = XCBuildConfiguration;
			buildSettings = {
				ALWAYS_SEARCH_USER_PATHS = NO;
				CLANG_CXX_LANGUAGE_STANDARD = "gnu++0x";
				CLANG_CXX_LIBRARY = "libc++";
				CLANG_ENABLE_MODULES = YES;
				CLANG_ENABLE_OBJC_ARC = YES;
				CLANG_WARN_BOOL_CONVERSION = YES;
				CLANG_WARN_CONSTANT_CONVERSION = YES;
				CLANG_WARN_DIRECT_OBJC_ISA_USAGE = YES_ERROR;
				CLANG_WARN_EMPTY_BODY = YES;
				CLANG_WARN_ENUM_CONVERSION = YES;
				CLANG_WARN_INT_CONVERSION = YES;
				CLANG_WARN_OBJC_ROOT_CLASS = YES_ERROR;
				CLANG_WARN_UNREACHABLE_CODE = YES;
				CLANG_WARN__DUPLICATE_METHOD_MATCH = YES;
				"CODE_SIGN_IDENTITY[sdk=iphoneos*]" = "iPhone Developer";
				COPY_PHASE_STRIP = NO;
				DEBUG_INFORMATION_FORMAT = "dwarf-with-dsym";
				ENABLE_NS_ASSERTIONS = NO;
				ENABLE_STRICT_OBJC_MSGSEND = YES;
				GCC_C_LANGUAGE_STANDARD = gnu99;
				GCC_NO_COMMON_BLOCKS = YES;
				GCC_WARN_64_TO_32_BIT_CONVERSION = YES;
				GCC_WARN_ABOUT_RETURN_TYPE = YES_ERROR;
				GCC_WARN_UNDECLARED_SELECTOR = YES;
				GCC_WARN_UNINITIALIZED_AUTOS = YES_AGGRESSIVE;
				GCC_WARN_UNUSED_FUNCTION = YES;
				GCC_WARN_UNUSED_VARIABLE = YES;
				IPHONEOS_DEPLOYMENT_TARGET = 8.3;
				MTL_ENABLE_DEBUG_INFO = NO;
				SDKROOT = iphoneos;
				TARGETED_DEVICE_FAMILY = "1,2";
				VALIDATE_PRODUCT = YES;
			};
			name = Release;
		};
		9007CEC01B1F2A4D00F4650F /* Debug */ = {
			isa = XCBuildConfiguration;
			buildSettings = {
				ASSETCATALOG_COMPILER_APPICON_NAME = AppIcon;
				ASSETCATALOG_COMPILER_LAUNCHIMAGE_NAME = LaunchImage;
				FRAMEWORK_SEARCH_PATHS = (
					"$(inherited)",
					/Users/stoyanstoyanov/Documents/FacebookSDK,
					"$(PROJECT_DIR)/PizzaSparta",
				);
				INFOPLIST_FILE = PizzaSparta/Info.plist;
				IPHONEOS_DEPLOYMENT_TARGET = 7.1;
				LD_RUNPATH_SEARCH_PATHS = "$(inherited) @executable_path/Frameworks";
				PRODUCT_NAME = "$(TARGET_NAME)";
			};
			name = Debug;
		};
		9007CEC11B1F2A4D00F4650F /* Release */ = {
			isa = XCBuildConfiguration;
			buildSettings = {
				ASSETCATALOG_COMPILER_APPICON_NAME = AppIcon;
				ASSETCATALOG_COMPILER_LAUNCHIMAGE_NAME = LaunchImage;
				FRAMEWORK_SEARCH_PATHS = (
					"$(inherited)",
					/Users/stoyanstoyanov/Documents/FacebookSDK,
					"$(PROJECT_DIR)/PizzaSparta",
				);
				INFOPLIST_FILE = PizzaSparta/Info.plist;
				IPHONEOS_DEPLOYMENT_TARGET = 7.1;
				LD_RUNPATH_SEARCH_PATHS = "$(inherited) @executable_path/Frameworks";
				PRODUCT_NAME = "$(TARGET_NAME)";
			};
			name = Release;
		};
		9007CEC31B1F2A4D00F4650F /* Debug */ = {
			isa = XCBuildConfiguration;
			buildSettings = {
				BUNDLE_LOADER = "$(TEST_HOST)";
				FRAMEWORK_SEARCH_PATHS = (
					"$(SDKROOT)/Developer/Library/Frameworks",
					"$(inherited)",
				);
				GCC_PREPROCESSOR_DEFINITIONS = (
					"DEBUG=1",
					"$(inherited)",
				);
				INFOPLIST_FILE = PizzaSpartaTests/Info.plist;
				LD_RUNPATH_SEARCH_PATHS = "$(inherited) @executable_path/Frameworks @loader_path/Frameworks";
				PRODUCT_NAME = "$(TARGET_NAME)";
				TEST_HOST = "$(BUILT_PRODUCTS_DIR)/PizzaSparta.app/PizzaSparta";
			};
			name = Debug;
		};
		9007CEC41B1F2A4D00F4650F /* Release */ = {
			isa = XCBuildConfiguration;
			buildSettings = {
				BUNDLE_LOADER = "$(TEST_HOST)";
				FRAMEWORK_SEARCH_PATHS = (
					"$(SDKROOT)/Developer/Library/Frameworks",
					"$(inherited)",
				);
				INFOPLIST_FILE = PizzaSpartaTests/Info.plist;
				LD_RUNPATH_SEARCH_PATHS = "$(inherited) @executable_path/Frameworks @loader_path/Frameworks";
				PRODUCT_NAME = "$(TARGET_NAME)";
				TEST_HOST = "$(BUILT_PRODUCTS_DIR)/PizzaSparta.app/PizzaSparta";
			};
			name = Release;
		};
/* End XCBuildConfiguration section */

/* Begin XCConfigurationList section */
		9007CE941B1F2A4C00F4650F /* Build configuration list for PBXProject "PizzaSparta" */ = {
			isa = XCConfigurationList;
			buildConfigurations = (
				9007CEBD1B1F2A4D00F4650F /* Debug */,
				9007CEBE1B1F2A4D00F4650F /* Release */,
			);
			defaultConfigurationIsVisible = 0;
			defaultConfigurationName = Release;
		};
		9007CEBF1B1F2A4D00F4650F /* Build configuration list for PBXNativeTarget "PizzaSparta" */ = {
			isa = XCConfigurationList;
			buildConfigurations = (
				9007CEC01B1F2A4D00F4650F /* Debug */,
				9007CEC11B1F2A4D00F4650F /* Release */,
			);
			defaultConfigurationIsVisible = 0;
			defaultConfigurationName = Release;
		};
		9007CEC21B1F2A4D00F4650F /* Build configuration list for PBXNativeTarget "PizzaSpartaTests" */ = {
			isa = XCConfigurationList;
			buildConfigurations = (
				9007CEC31B1F2A4D00F4650F /* Debug */,
				9007CEC41B1F2A4D00F4650F /* Release */,
			);
			defaultConfigurationIsVisible = 0;
			defaultConfigurationName = Release;
		};
/* End XCConfigurationList section */

/* Begin XCVersionGroup section */
		90F111A51B21FD7C0044AA63 /* PizzaSparta.xcdatamodeld */ = {
			isa = XCVersionGroup;
			children = (
				90F111A61B21FD7C0044AA63 /* PizzaSparta.xcdatamodel */,
			);
			currentVersion = 90F111A61B21FD7C0044AA63 /* PizzaSparta.xcdatamodel */;
			path = PizzaSparta.xcdatamodeld;
			sourceTree = "<group>";
			versionGroupType = wrapper.xcdatamodel;
		};
/* End XCVersionGroup section */
	};
	rootObject = 9007CE911B1F2A4C00F4650F /* Project object */;
}
